
Microsoft Visual Studio Solution File, Format Version 12.00
# Visual Studio Version 17
VisualStudioVersion = 17.8.34601.278
MinimumVisualStudioVersion = 10.0.40219.1
Project("{FAE04EC0-301F-11D3-BF4B-00C04F79EFBC}") = "Disco.Api", "Disco.Api\Disco.Api.csproj", "{1D2E71DF-32E6-4B6A-BBBA-C3BEF857F425}"
EndProject
Global
	GlobalSection(SolutionConfigurationPlatforms) = preSolution
		Debug|Any CPU = Debug|Any CPU
		Release|Any CPU = Release|Any CPU
	EndGlobalSection
	GlobalSection(ProjectConfigurationPlatforms) = postSolution
		{1D2E71DF-32E6-4B6A-BBBA-C3BEF857F425}.Debug|Any CPU.ActiveCfg = Debug|Any CPU
		{1D2E71DF-32E6-4B6A-BBBA-C3BEF857F425}.Debug|Any CPU.Build.0 = Debug|Any CPU
		{1D2E71DF-32E6-4B6A-BBBA-C3BEF857F425}.Release|Any CPU.ActiveCfg = Release|Any CPU
		{1D2E71DF-32E6-4B6A-BBBA-C3BEF857F425}.Release|Any CPU.Build.0 = Release|Any CPU
	EndGlobalSection
	GlobalSection(SolutionProperties) = preSolution
		HideSolutionNode = FALSE
	EndGlobalSection
	GlobalSection(ExtensibilityGlobals) = postSolution
		SolutionGuid = {118203A5-B399-41C3-80BD-C83D181DEC4E}
	EndGlobalSection
EndGlobal
